schema: '2.0'
stages:
  load_data:
    cmd: python src/load_data.py --config=params.yaml
    deps:
    - path: data_given/winequality.csv
      hash: md5
      md5: d1088fe0cd8f22710ec202dcf4d9ba97
      size: 390376
    - path: src/get_data.py
      hash: md5
      md5: 936072b42c4e09b0ed16e5a48f973ba0
      size: 598
    - path: src/load_data.py
      hash: md5
      md5: 20ef5668a65e936b6da0d5f61f8b49ac
      size: 606
    outs:
    - path: data/raw/winequality.csv
      hash: md5
      md5: 3828b64bb302d42491d5d0952ebb0416
      size: 414690
