schema: '2.0'
stages:
  load_data:
    cmd: python src/load_data.py --config=params.yaml
    deps:
    - path: data_given/winequality.csv
      hash: md5
      md5: 5d6f24258e3c50bb01a61194b5401f5d
      size: 264426
    - path: src/get_data.py
      hash: md5
      md5: 936072b42c4e09b0ed16e5a48f973ba0
      size: 598
    - path: src/load_data.py
      hash: md5
      md5: 23b415c31c690881154224b74c15efe8
      size: 631
    outs:
    - path: data/raw/winequality.csv
      hash: md5
      md5: f8a17bfa190bdf3ce456d380d5bbf9dd
      size: 287388
  split_data:
    cmd: python src/split_data.py --config=params.yaml
    deps:
    - path: data/raw/winequality.csv
      hash: md5
      md5: f8a17bfa190bdf3ce456d380d5bbf9dd
      size: 287388
    - path: src/split_data.py
      hash: md5
      md5: f8940f18c67bff1c0c21d65c3ac37f5a
      size: 983
    outs:
    - path: data/processed/test_winequality.csv
      hash: md5
      md5: 81c1cd5c7ff4c048858a65f3c0e0c691
      size: 57625
    - path: data/processed/train_winequality.csv
      hash: md5
      md5: f02675abf981dcbba0891edd0476a060
      size: 229909
  train_and_evaluate:
    cmd: python src/train_evaluate.py --config=params.yaml
    deps:
    - path: data/processed/test_winequality.csv
      hash: md5
      md5: 81c1cd5c7ff4c048858a65f3c0e0c691
      size: 57625
    - path: data/processed/train_winequality.csv
      hash: md5
      md5: f02675abf981dcbba0891edd0476a060
      size: 229909
    - path: src/train_evaluate.py
      hash: md5
      md5: 45e9179ba2bffef0bef69318dde2af9b
      size: 2582
    params:
      params.yaml:
        estimators.ElasticNet.params.alpha: 0.9
        estimators.ElasticNet.params.l1_ratio: 0.4
    outs:
    - path: report/params.json
      hash: md5
      md5: a4aab0167612f21a6085dd05cfafdbf6
      size: 41
    - path: report/scores.json
      hash: md5
      md5: 2e17e58ab161bbbc6cf51e0873df5b68
      size: 96
    - path: saved_models/model.joblib
      hash: md5
      md5: e9ab6473c3960bc21137d6258ecfb4b1
      size: 1279
